// !$*UTF8*$!
{
	archiveVersion = 1;
	classes = {
	};
	objectVersion = 46;
	objects = {

/* Begin PBXBuildFile section */
		F2826AED15F11E31004D26D6 /* AudioToolbox.framework in Frameworks */ = {isa = PBXBuildFile; fileRef = F2826AEC15F11E31004D26D6 /* AudioToolbox.framework */; };
		F2826B1515F11E52004D26D6 /* guu.aif in Resources */ = {isa = PBXBuildFile; fileRef = F2826AF515F11E52004D26D6 /* guu.aif */; };
		F2826B1A15F11E52004D26D6 /* choki.aif in Resources */ = {isa = PBXBuildFile; fileRef = F2826B0115F11E52004D26D6 /* choki.aif */; };
		F2826B1F15F11E52004D26D6 /* pa.aif in Resources */ = {isa = PBXBuildFile; fileRef = F2826B0D15F11E52004D26D6 /* pa.aif */; };
		F2B0C43915EEE92800FFC79B /* UIKit.framework in Frameworks */ = {isa = PBXBuildFile; fileRef = F2B0C43815EEE92800FFC79B /* UIKit.framework */; };
		F2B0C43B15EEE92800FFC79B /* Foundation.framework in Frameworks */ = {isa = PBXBuildFile; fileRef = F2B0C43A15EEE92800FFC79B /* Foundation.framework */; };
		F2B0C43D15EEE92800FFC79B /* CoreGraphics.framework in Frameworks */ = {isa = PBXBuildFile; fileRef = F2B0C43C15EEE92800FFC79B /* CoreGraphics.framework */; };
		F2B0C44315EEE92800FFC79B /* InfoPlist.strings in Resources */ = {isa = PBXBuildFile; fileRef = F2B0C44115EEE92800FFC79B /* InfoPlist.strings */; };
		F2B0C44515EEE92800FFC79B /* main.m in Sources */ = {isa = PBXBuildFile; fileRef = F2B0C44415EEE92800FFC79B /* main.m */; };
		F2B0C44915EEE92800FFC79B /* JankenAppDelegate.m in Sources */ = {isa = PBXBuildFile; fileRef = F2B0C44815EEE92800FFC79B /* JankenAppDelegate.m */; };
		F2B0C44C15EEE92800FFC79B /* MainStoryboard.storyboard in Resources */ = {isa = PBXBuildFile; fileRef = F2B0C44A15EEE92800FFC79B /* MainStoryboard.storyboard */; };
		F2B0C44F15EEE92800FFC79B /* JankenViewController.m in Sources */ = {isa = PBXBuildFile; fileRef = F2B0C44E15EEE92800FFC79B /* JankenViewController.m */; };
		F2B0C45915EEEB4800FFC79B /* pa.png in Resources */ = {isa = PBXBuildFile; fileRef = F2B0C45615EEEB4800FFC79B /* pa.png */; };
		F2B0C45A15EEEB4800FFC79B /* choki.png in Resources */ = {isa = PBXBuildFile; fileRef = F2B0C45715EEEB4800FFC79B /* choki.png */; };
		F2B0C45B15EEEB4800FFC79B /* guu.png in Resources */ = {isa = PBXBuildFile; fileRef = F2B0C45815EEEB4800FFC79B /* guu.png */; };
/* End PBXBuildFile section */

/* Begin PBXFileReference section */
		F2826AEC15F11E31004D26D6 /* AudioToolbox.framework */ = {isa = PBXFileReference; lastKnownFileType = wrapper.framework; name = AudioToolbox.framework; path = System/Library/Frameworks/AudioToolbox.framework; sourceTree = SDKROOT; };
		F2826AF515F11E52004D26D6 /* guu.aif */ = {isa = PBXFileReference; lastKnownFileType = file; name = guu.aif; path = ../../../../Downloads/guu.aif/Media/guu.aif; sourceTree = "<group>"; };
		F2826B0115F11E52004D26D6 /* choki.aif */ = {isa = PBXFileReference; lastKnownFileType = file; name = choki.aif; path = ../../../../Downloads/choki.aif/Media/choki.aif; sourceTree = "<group>"; };
		F2826B0D15F11E52004D26D6 /* pa.aif */ = {isa = PBXFileReference; lastKnownFileType = file; name = pa.aif; path = ../../../../Downloads/pa.aif/Media/pa.aif; sourceTree = "<group>"; };
		F2B0C43415EEE92800FFC79B /* Janken.app */ = {isa = PBXFileReference; explicitFileType = wrapper.application; includeInIndex = 0; path = Janken.app; sourceTree = BUILT_PRODUCTS_DIR; };
		F2B0C43815EEE92800FFC79B /* UIKit.framework */ = {isa = PBXFileReference; lastKnownFileType = wrapper.framework; name = UIKit.framework; path = System/Library/Frameworks/UIKit.framework; sourceTree = SDKROOT; };
		F2B0C43A15EEE92800FFC79B /* Foundation.framework */ = {isa = PBXFileReference; lastKnownFileType = wrapper.framework; name = Foundation.framework; path = System/Library/Frameworks/Foundation.framework; sourceTree = SDKROOT; };
		F2B0C43C15EEE92800FFC79B /* CoreGraphics.framework */ = {isa = PBXFileReference; lastKnownFileType = wrapper.framework; name = CoreGraphics.framework; path = System/Library/Frameworks/CoreGraphics.framework; sourceTree = SDKROOT; };
		F2B0C44015EEE92800FFC79B /* Janken-Info.plist */ = {isa = PBXFileReference; lastKnownFileType = text.plist.xml; path = "Janken-Info.plist"; sourceTree = "<group>"; };
		F2B0C44215EEE92800FFC79B /* en */ = {isa = PBXFileReference; lastKnownFileType = text.plist.strings; name = en; path = en.lproj/InfoPlist.strings; sourceTree = "<group>"; };
		F2B0C44415EEE92800FFC79B /* main.m */ = {isa = PBXFileReference; lastKnownFileType = sourcecode.c.objc; path = main.m; sourceTree = "<group>"; };
		F2B0C44615EEE92800FFC79B /* Janken-Prefix.pch */ = {isa = PBXFileReference; lastKnownFileType = sourcecode.c.h; path = "Janken-Prefix.pch"; sourceTree = "<group>"; };
		F2B0C44715EEE92800FFC79B /* JankenAppDelegate.h */ = {isa = PBXFileReference; lastKnownFileType = sourcecode.c.h; path = JankenAppDelegate.h; sourceTree = "<group>"; };
		F2B0C44815EEE92800FFC79B /* JankenAppDelegate.m */ = {isa = PBXFileReference; lastKnownFileType = sourcecode.c.objc; path = JankenAppDelegate.m; sourceTree = "<group>"; };
		F2B0C44B15EEE92800FFC79B /* en */ = {isa = PBXFileReference; lastKnownFileType = file.storyboard; name = en; path = en.lproj/MainStoryboard.storyboard; sourceTree = "<group>"; };
		F2B0C44D15EEE92800FFC79B /* JankenViewController.h */ = {isa = PBXFileReference; lastKnownFileType = sourcecode.c.h; path = JankenViewController.h; sourceTree = "<group>"; };
		F2B0C44E15EEE92800FFC79B /* JankenViewController.m */ = {isa = PBXFileReference; lastKnownFileType = sourcecode.c.objc; path = JankenViewController.m; sourceTree = "<group>"; };
		F2B0C45615EEEB4800FFC79B /* pa.png */ = {isa = PBXFileReference; lastKnownFileType = image.png; path = pa.png; sourceTree = "<group>"; };
		F2B0C45715EEEB4800FFC79B /* choki.png */ = {isa = PBXFileReference; lastKnownFileType = image.png; path = choki.png; sourceTree = "<group>"; };
		F2B0C45815EEEB4800FFC79B /* guu.png */ = {isa = PBXFileReference; lastKnownFileType = image.png; path = guu.png; sourceTree = "<group>"; };
/* End PBXFileReference section */

/* Begin PBXFrameworksBuildPhase section */
		F2B0C43115EEE92800FFC79B /* Frameworks */ = {
			isa = PBXFrameworksBuildPhase;
			buildActionMask = 2147483647;
			files = (
				F2826AED15F11E31004D26D6 /* AudioToolbox.framework in Frameworks */,
				F2B0C43915EEE92800FFC79B /* UIKit.framework in Frameworks */,
				F2B0C43B15EEE92800FFC79B /* Foundation.framework in Frameworks */,
				F2B0C43D15EEE92800FFC79B /* CoreGraphics.framework in Frameworks */,
			);
			runOnlyForDeploymentPostprocessing = 0;
		};
/* End PBXFrameworksBuildPhase section */

/* Begin PBXGroup section */
		F2826AEF15F11E46004D26D6 /* Sounds */ = {
			isa = PBXGroup;
			children = (
				F2826B0D15F11E52004D26D6 /* pa.aif */,
				F2826B0115F11E52004D26D6 /* choki.aif */,
				F2826AF515F11E52004D26D6 /* guu.aif */,
			);
			name = Sounds;
			sourceTree = "<group>";
		};
		F2B0C42915EEE92800FFC79B = {
			isa = PBXGroup;
			children = (
				F2826AEF15F11E46004D26D6 /* Sounds */,
				F2B0C45515EEE93900FFC79B /* images */,
				F2B0C43E15EEE92800FFC79B /* Janken */,
				F2B0C43715EEE92800FFC79B /* Frameworks */,
				F2B0C43515EEE92800FFC79B /* Products */,
			);
			sourceTree = "<group>";
		};
		F2B0C43515EEE92800FFC79B /* Products */ = {
			isa = PBXGroup;
			children = (
				F2B0C43415EEE92800FFC79B /* Janken.app */,
			);
			name = Products;
			sourceTree = "<group>";
		};
		F2B0C43715EEE92800FFC79B /* Frameworks */ = {
			isa = PBXGroup;
			children = (
				F2826AEC15F11E31004D26D6 /* AudioToolbox.framework */,
				F2B0C43815EEE92800FFC79B /* UIKit.framework */,
				F2B0C43A15EEE92800FFC79B /* Foundation.framework */,
				F2B0C43C15EEE92800FFC79B /* CoreGraphics.framework */,
			);
			name = Frameworks;
			sourceTree = "<group>";
		};
		F2B0C43E15EEE92800FFC79B /* Janken */ = {
			isa = PBXGroup;
			children = (
				F2B0C44715EEE92800FFC79B /* JankenAppDelegate.h */,
				F2B0C44815EEE92800FFC79B /* JankenAppDelegate.m */,
				F2B0C44A15EEE92800FFC79B /* MainStoryboard.storyboard */,
				F2B0C44D15EEE92800FFC79B /* JankenViewController.h */,
				F2B0C44E15EEE92800FFC79B /* JankenViewController.m */,
				F2B0C43F15EEE92800FFC79B /* Supporting Files */,
			);
			path = Janken;
			sourceTree = "<group>";
		};
		F2B0C43F15EEE92800FFC79B /* Supporting Files */ = {
			isa = PBXGroup;
			children = (
				F2B0C44015EEE92800FFC79B /* Janken-Info.plist */,
				F2B0C44115EEE92800FFC79B /* InfoPlist.strings */,
				F2B0C44415EEE92800FFC79B /* main.m */,
				F2B0C44615EEE92800FFC79B /* Janken-Prefix.pch */,
			);
			name = "Supporting Files";
			sourceTree = "<group>";
		};
		F2B0C45515EEE93900FFC79B /* images */ = {
			isa = PBXGroup;
			children = (
				F2B0C45615EEEB4800FFC79B /* pa.png */,
				F2B0C45715EEEB4800FFC79B /* choki.png */,
				F2B0C45815EEEB4800FFC79B /* guu.png */,
			);
			name = images;
			sourceTree = "<group>";
		};
/* End PBXGroup section */

/* Begin PBXNativeTarget section */
		F2B0C43315EEE92800FFC79B /* Janken */ = {
			isa = PBXNativeTarget;
			buildConfigurationList = F2B0C45215EEE92800FFC79B /* Build configuration list for PBXNativeTarget "Janken" */;
			buildPhases = (
				F2B0C43015EEE92800FFC79B /* Sources */,
				F2B0C43115EEE92800FFC79B /* Frameworks */,
				F2B0C43215EEE92800FFC79B /* Resources */,
			);
			buildRules = (
			);
			dependencies = (
			);
			name = Janken;
			productName = Janken;
			productReference = F2B0C43415EEE92800FFC79B /* Janken.app */;
			productType = "com.apple.product-type.application";
		};
/* End PBXNativeTarget section */

/* Begin PBXProject section */
		F2B0C42B15EEE92800FFC79B /* Project object */ = {
			isa = PBXProject;
			attributes = {
				CLASSPREFIX = Janken;
				LastUpgradeCheck = 0440;
				ORGANIZATIONNAME = "com geeoki";
			};
			buildConfigurationList = F2B0C42E15EEE92800FFC79B /* Build configuration list for PBXProject "Janken" */;
			compatibilityVersion = "Xcode 3.2";
			developmentRegion = English;
			hasScannedForEncodings = 0;
			knownRegions = (
				en,
			);
			mainGroup = F2B0C42915EEE92800FFC79B;
			productRefGroup = F2B0C43515EEE92800FFC79B /* Products */;
			projectDirPath = "";
			projectRoot = "";
			targets = (
				F2B0C43315EEE92800FFC79B /* Janken */,
			);
		};
/* End PBXProject section */

/* Begin PBXResourcesBuildPhase section */
		F2B0C43215EEE92800FFC79B /* Resources */ = {
			isa = PBXResourcesBuildPhase;
			buildActionMask = 2147483647;
			files = (
				F2B0C44315EEE92800FFC79B /* InfoPlist.strings in Resources */,
				F2B0C44C15EEE92800FFC79B /* MainStoryboard.storyboard in Resources */,
				F2B0C45915EEEB4800FFC79B /* pa.png in Resources */,
				F2B0C45A15EEEB4800FFC79B /* choki.png in Resources */,
				F2B0C45B15EEEB4800FFC79B /* guu.png in Resources */,
				F2826B1515F11E52004D26D6 /* guu.aif in Resources */,
				F2826B1A15F11E52004D26D6 /* choki.aif in Resources */,
				F2826B1F15F11E52004D26D6 /* pa.aif in Resources */,
			);
			runOnlyForDeploymentPostprocessing = 0;
		};
/* End PBXResourcesBuildPhase section */

/* Begin PBXSourcesBuildPhase section */
		F2B0C43015EEE92800FFC79B /* Sources */ = {
			isa = PBXSourcesBuildPhase;
			buildActionMask = 2147483647;
			files = (
				F2B0C44515EEE92800FFC79B /* main.m in Sources */,
				F2B0C44915EEE92800FFC79B /* JankenAppDelegate.m in Sources */,
				F2B0C44F15EEE92800FFC79B /* JankenViewController.m in Sources */,
			);
			runOnlyForDeploymentPostprocessing = 0;
		};
/* End PBXSourcesBuildPhase section */

/* Begin PBXVariantGroup section */
		F2B0C44115EEE92800FFC79B /* InfoPlist.strings */ = {
			isa = PBXVariantGroup;
			children = (
				F2B0C44215EEE92800FFC79B /* en */,
			);
			name = InfoPlist.strings;
			sourceTree = "<group>";
		};
		F2B0C44A15EEE92800FFC79B /* MainStoryboard.storyboard */ = {
			isa = PBXVariantGroup;
			children = (
				F2B0C44B15EEE92800FFC79B /* en */,
			);
			name = MainStoryboard.storyboard;
			sourceTree = "<group>";
		};
/* End PBXVariantGroup section */

/* Begin XCBuildConfiguration section */
		F2B0C45015EEE92800FFC79B /* Debug */ = {
			isa = XCBuildConfiguration;
			buildSettings = {
				ALWAYS_SEARCH_USER_PATHS = NO;
				ARCHS = "$(ARCHS_STANDARD_32_BIT)";
				CLANG_CXX_LANGUAGE_STANDARD = "gnu++0x";
				CLANG_WARN__DUPLICATE_METHOD_MATCH = YES;
				"CODE_SIGN_IDENTITY[sdk=iphoneos*]" = "iPhone Developer";
				COPY_PHASE_STRIP = NO;
				GCC_C_LANGUAGE_STANDARD = gnu99;
				GCC_DYNAMIC_NO_PIC = NO;
				GCC_OPTIMIZATION_LEVEL = 0;
				GCC_PREPROCESSOR_DEFINITIONS = (
					"DEBUG=1",
					"$(inherited)",
				);
				GCC_SYMBOLS_PRIVATE_EXTERN = NO;
				GCC_VERSION = com.apple.compilers.llvm.clang.1_0;
				GCC_WARN_ABOUT_RETURN_TYPE = YES;
				GCC_WARN_UNINITIALIZED_AUTOS = YES;
				GCC_WARN_UNUSED_VARIABLE = YES;
				IPHONEOS_DEPLOYMENT_TARGET = 5.1;
				SDKROOT = iphoneos;
			};
			name = Debug;
		};
		F2B0C45115EEE92800FFC79B /* Release */ = {
			isa = XCBuildConfiguration;
			buildSettings = {
				ALWAYS_SEARCH_USER_PATHS = NO;
				ARCHS = "$(ARCHS_STANDARD_32_BIT)";
				CLANG_CXX_LANGUAGE_STANDARD = "gnu++0x";
				CLANG_WARN__DUPLICATE_METHOD_MATCH = YES;
				"CODE_SIGN_IDENTITY[sdk=iphoneos*]" = "iPhone Developer";
				COPY_PHASE_STRIP = YES;
				GCC_C_LANGUAGE_STANDARD = gnu99;
				GCC_VERSION = com.apple.compilers.llvm.clang.1_0;
				GCC_WARN_ABOUT_RETURN_TYPE = YES;
				GCC_WARN_UNINITIALIZED_AUTOS = YES;
				GCC_WARN_UNUSED_VARIABLE = YES;
				IPHONEOS_DEPLOYMENT_TARGET = 5.1;
				OTHER_CFLAGS = "-DNS_BLOCK_ASSERTIONS=1";
				SDKROOT = iphoneos;
				VALIDATE_PRODUCT = YES;
			};
			name = Release;
		};
		F2B0C45315EEE92800FFC79B /* Debug */ = {
			isa = XCBuildConfiguration;
			buildSettings = {
				GCC_PRECOMPILE_PREFIX_HEADER = YES;
				GCC_PREFIX_HEADER = "Janken/Janken-Prefix.pch";
				INFOPLIST_FILE = "Janken/Janken-Info.plist";
				PRODUCT_NAME = "$(TARGET_NAME)";
				WRAPPER_EXTENSION = app;
			};
			name = Debug;
		};
		F2B0C45415EEE92800FFC79B /* Release */ = {
			isa = XCBuildConfiguration;
			buildSettings = {
				GCC_PRECOMPILE_PREFIX_HEADER = YES;
				GCC_PREFIX_HEADER = "Janken/Janken-Prefix.pch";
				INFOPLIST_FILE = "Janken/Janken-Info.plist";
				PRODUCT_NAME = "$(TARGET_NAME)";
				WRAPPER_EXTENSION = app;
			};
			name = Release;
		};
/* End XCBuildConfiguration section */

/* Begin XCConfigurationList section */
		F2B0C42E15EEE92800FFC79B /* Build configuration list for PBXProject "Janken" */ = {
			isa = XCConfigurationList;
			buildConfigurations = (
				F2B0C45015EEE92800FFC79B /* Debug */,
				F2B0C45115EEE92800FFC79B /* Release */,
			);
			defaultConfigurationIsVisible = 0;
			defaultConfigurationName = Release;
		};
		F2B0C45215EEE92800FFC79B /* Build configuration list for PBXNativeTarget "Janken" */ = {
			isa = XCConfigurationList;
			buildConfigurations = (
				F2B0C45315EEE92800FFC79B /* Debug */,
				F2B0C45415EEE92800FFC79B /* Release */,
			);
			defaultConfigurationIsVisible = 0;
			defaultConfigurationName = Release;
		};
/* End XCConfigurationList section */
	};
	rootObject = F2B0C42B15EEE92800FFC79B /* Project object */;
}
