// !$*UTF8*$!
{
	archiveVersion = 1;
	classes = {
	};
	objectVersion = 46;
	objects = {

/* Begin PBXBuildFile section */
		F2826B3315F17BDA004D26D6 /* UIKit.framework in Frameworks */ = {isa = PBXBuildFile; fileRef = F2826B3215F17BDA004D26D6 /* UIKit.framework */; };
		F2826B3515F17BDA004D26D6 /* Foundation.framework in Frameworks */ = {isa = PBXBuildFile; fileRef = F2826B3415F17BDA004D26D6 /* Foundation.framework */; };
		F2826B3715F17BDA004D26D6 /* CoreGraphics.framework in Frameworks */ = {isa = PBXBuildFile; fileRef = F2826B3615F17BDA004D26D6 /* CoreGraphics.framework */; };
		F2826B3D15F17BDA004D26D6 /* InfoPlist.strings in Resources */ = {isa = PBXBuildFile; fileRef = F2826B3B15F17BDA004D26D6 /* InfoPlist.strings */; };
		F2826B3F15F17BDA004D26D6 /* main.m in Sources */ = {isa = PBXBuildFile; fileRef = F2826B3E15F17BDA004D26D6 /* main.m */; };
		F2826B4315F17BDA004D26D6 /* DrawTest1AppDelegate.m in Sources */ = {isa = PBXBuildFile; fileRef = F2826B4215F17BDA004D26D6 /* DrawTest1AppDelegate.m */; };
		F2826B4615F17BDA004D26D6 /* MainStoryboard.storyboard in Resources */ = {isa = PBXBuildFile; fileRef = F2826B4415F17BDA004D26D6 /* MainStoryboard.storyboard */; };
		F2826B4915F17BDA004D26D6 /* DrawTest1ViewController.m in Sources */ = {isa = PBXBuildFile; fileRef = F2826B4815F17BDA004D26D6 /* DrawTest1ViewController.m */; };
		F2826B5115F17BFE004D26D6 /* MyView.m in Sources */ = {isa = PBXBuildFile; fileRef = F2826B5015F17BFE004D26D6 /* MyView.m */; };
/* End PBXBuildFile section */

/* Begin PBXFileReference section */
		F2826B2E15F17BDA004D26D6 /* DrawTest1.app */ = {isa = PBXFileReference; explicitFileType = wrapper.application; includeInIndex = 0; path = DrawTest1.app; sourceTree = BUILT_PRODUCTS_DIR; };
		F2826B3215F17BDA004D26D6 /* UIKit.framework */ = {isa = PBXFileReference; lastKnownFileType = wrapper.framework; name = UIKit.framework; path = System/Library/Frameworks/UIKit.framework; sourceTree = SDKROOT; };
		F2826B3415F17BDA004D26D6 /* Foundation.framework */ = {isa = PBXFileReference; lastKnownFileType = wrapper.framework; name = Foundation.framework; path = System/Library/Frameworks/Foundation.framework; sourceTree = SDKROOT; };
		F2826B3615F17BDA004D26D6 /* CoreGraphics.framework */ = {isa = PBXFileReference; lastKnownFileType = wrapper.framework; name = CoreGraphics.framework; path = System/Library/Frameworks/CoreGraphics.framework; sourceTree = SDKROOT; };
		F2826B3A15F17BDA004D26D6 /* DrawTest1-Info.plist */ = {isa = PBXFileReference; lastKnownFileType = text.plist.xml; path = "DrawTest1-Info.plist"; sourceTree = "<group>"; };
		F2826B3C15F17BDA004D26D6 /* en */ = {isa = PBXFileReference; lastKnownFileType = text.plist.strings; name = en; path = en.lproj/InfoPlist.strings; sourceTree = "<group>"; };
		F2826B3E15F17BDA004D26D6 /* main.m */ = {isa = PBXFileReference; lastKnownFileType = sourcecode.c.objc; path = main.m; sourceTree = "<group>"; };
		F2826B4015F17BDA004D26D6 /* DrawTest1-Prefix.pch */ = {isa = PBXFileReference; lastKnownFileType = sourcecode.c.h; path = "DrawTest1-Prefix.pch"; sourceTree = "<group>"; };
		F2826B4115F17BDA004D26D6 /* DrawTest1AppDelegate.h */ = {isa = PBXFileReference; lastKnownFileType = sourcecode.c.h; path = DrawTest1AppDelegate.h; sourceTree = "<group>"; };
		F2826B4215F17BDA004D26D6 /* DrawTest1AppDelegate.m */ = {isa = PBXFileReference; lastKnownFileType = sourcecode.c.objc; path = DrawTest1AppDelegate.m; sourceTree = "<group>"; };
		F2826B4515F17BDA004D26D6 /* en */ = {isa = PBXFileReference; lastKnownFileType = file.storyboard; name = en; path = en.lproj/MainStoryboard.storyboard; sourceTree = "<group>"; };
		F2826B4715F17BDA004D26D6 /* DrawTest1ViewController.h */ = {isa = PBXFileReference; lastKnownFileType = sourcecode.c.h; path = DrawTest1ViewController.h; sourceTree = "<group>"; };
		F2826B4815F17BDA004D26D6 /* DrawTest1ViewController.m */ = {isa = PBXFileReference; lastKnownFileType = sourcecode.c.objc; path = DrawTest1ViewController.m; sourceTree = "<group>"; };
		F2826B4F15F17BFE004D26D6 /* MyView.h */ = {isa = PBXFileReference; fileEncoding = 4; lastKnownFileType = sourcecode.c.h; path = MyView.h; sourceTree = "<group>"; };
		F2826B5015F17BFE004D26D6 /* MyView.m */ = {isa = PBXFileReference; fileEncoding = 4; lastKnownFileType = sourcecode.c.objc; path = MyView.m; sourceTree = "<group>"; };
/* End PBXFileReference section */

/* Begin PBXFrameworksBuildPhase section */
		F2826B2B15F17BDA004D26D6 /* Frameworks */ = {
			isa = PBXFrameworksBuildPhase;
			buildActionMask = 2147483647;
			files = (
				F2826B3315F17BDA004D26D6 /* UIKit.framework in Frameworks */,
				F2826B3515F17BDA004D26D6 /* Foundation.framework in Frameworks */,
				F2826B3715F17BDA004D26D6 /* CoreGraphics.framework in Frameworks */,
			);
			runOnlyForDeploymentPostprocessing = 0;
		};
/* End PBXFrameworksBuildPhase section */

/* Begin PBXGroup section */
		F2826B2315F17BDA004D26D6 = {
			isa = PBXGroup;
			children = (
				F2826B4F15F17BFE004D26D6 /* MyView.h */,
				F2826B5015F17BFE004D26D6 /* MyView.m */,
				F2826B3815F17BDA004D26D6 /* DrawTest1 */,
				F2826B3115F17BDA004D26D6 /* Frameworks */,
				F2826B2F15F17BDA004D26D6 /* Products */,
			);
			sourceTree = "<group>";
		};
		F2826B2F15F17BDA004D26D6 /* Products */ = {
			isa = PBXGroup;
			children = (
				F2826B2E15F17BDA004D26D6 /* DrawTest1.app */,
			);
			name = Products;
			sourceTree = "<group>";
		};
		F2826B3115F17BDA004D26D6 /* Frameworks */ = {
			isa = PBXGroup;
			children = (
				F2826B3215F17BDA004D26D6 /* UIKit.framework */,
				F2826B3415F17BDA004D26D6 /* Foundation.framework */,
				F2826B3615F17BDA004D26D6 /* CoreGraphics.framework */,
			);
			name = Frameworks;
			sourceTree = "<group>";
		};
		F2826B3815F17BDA004D26D6 /* DrawTest1 */ = {
			isa = PBXGroup;
			children = (
				F2826B4115F17BDA004D26D6 /* DrawTest1AppDelegate.h */,
				F2826B4215F17BDA004D26D6 /* DrawTest1AppDelegate.m */,
				F2826B4415F17BDA004D26D6 /* MainStoryboard.storyboard */,
				F2826B4715F17BDA004D26D6 /* DrawTest1ViewController.h */,
				F2826B4815F17BDA004D26D6 /* DrawTest1ViewController.m */,
				F2826B3915F17BDA004D26D6 /* Supporting Files */,
			);
			path = DrawTest1;
			sourceTree = "<group>";
		};
		F2826B3915F17BDA004D26D6 /* Supporting Files */ = {
			isa = PBXGroup;
			children = (
				F2826B3A15F17BDA004D26D6 /* DrawTest1-Info.plist */,
				F2826B3B15F17BDA004D26D6 /* InfoPlist.strings */,
				F2826B3E15F17BDA004D26D6 /* main.m */,
				F2826B4015F17BDA004D26D6 /* DrawTest1-Prefix.pch */,
			);
			name = "Supporting Files";
			sourceTree = "<group>";
		};
/* End PBXGroup section */

/* Begin PBXNativeTarget section */
		F2826B2D15F17BDA004D26D6 /* DrawTest1 */ = {
			isa = PBXNativeTarget;
			buildConfigurationList = F2826B4C15F17BDA004D26D6 /* Build configuration list for PBXNativeTarget "DrawTest1" */;
			buildPhases = (
				F2826B2A15F17BDA004D26D6 /* Sources */,
				F2826B2B15F17BDA004D26D6 /* Frameworks */,
				F2826B2C15F17BDA004D26D6 /* Resources */,
			);
			buildRules = (
			);
			dependencies = (
			);
			name = DrawTest1;
			productName = DrawTest1;
			productReference = F2826B2E15F17BDA004D26D6 /* DrawTest1.app */;
			productType = "com.apple.product-type.application";
		};
/* End PBXNativeTarget section */

/* Begin PBXProject section */
		F2826B2515F17BDA004D26D6 /* Project object */ = {
			isa = PBXProject;
			attributes = {
				CLASSPREFIX = DrawTest1;
				LastUpgradeCheck = 0440;
				ORGANIZATIONNAME = "com geeoki";
			};
			buildConfigurationList = F2826B2815F17BDA004D26D6 /* Build configuration list for PBXProject "DrawTest1" */;
			compatibilityVersion = "Xcode 3.2";
			developmentRegion = English;
			hasScannedForEncodings = 0;
			knownRegions = (
				en,
			);
			mainGroup = F2826B2315F17BDA004D26D6;
			productRefGroup = F2826B2F15F17BDA004D26D6 /* Products */;
			projectDirPath = "";
			projectRoot = "";
			targets = (
				F2826B2D15F17BDA004D26D6 /* DrawTest1 */,
			);
		};
/* End PBXProject section */

/* Begin PBXResourcesBuildPhase section */
		F2826B2C15F17BDA004D26D6 /* Resources */ = {
			isa = PBXResourcesBuildPhase;
			buildActionMask = 2147483647;
			files = (
				F2826B3D15F17BDA004D26D6 /* InfoPlist.strings in Resources */,
				F2826B4615F17BDA004D26D6 /* MainStoryboard.storyboard in Resources */,
			);
			runOnlyForDeploymentPostprocessing = 0;
		};
/* End PBXResourcesBuildPhase section */

/* Begin PBXSourcesBuildPhase section */
		F2826B2A15F17BDA004D26D6 /* Sources */ = {
			isa = PBXSourcesBuildPhase;
			buildActionMask = 2147483647;
			files = (
				F2826B3F15F17BDA004D26D6 /* main.m in Sources */,
				F2826B4315F17BDA004D26D6 /* DrawTest1AppDelegate.m in Sources */,
				F2826B4915F17BDA004D26D6 /* DrawTest1ViewController.m in Sources */,
				F2826B5115F17BFE004D26D6 /* MyView.m in Sources */,
			);
			runOnlyForDeploymentPostprocessing = 0;
		};
/* End PBXSourcesBuildPhase section */

/* Begin PBXVariantGroup section */
		F2826B3B15F17BDA004D26D6 /* InfoPlist.strings */ = {
			isa = PBXVariantGroup;
			children = (
				F2826B3C15F17BDA004D26D6 /* en */,
			);
			name = InfoPlist.strings;
			sourceTree = "<group>";
		};
		F2826B4415F17BDA004D26D6 /* MainStoryboard.storyboard */ = {
			isa = PBXVariantGroup;
			children = (
				F2826B4515F17BDA004D26D6 /* en */,
			);
			name = MainStoryboard.storyboard;
			sourceTree = "<group>";
		};
/* End PBXVariantGroup section */

/* Begin XCBuildConfiguration section */
		F2826B4A15F17BDA004D26D6 /* Debug */ = {
			isa = XCBuildConfiguration;
			buildSettings = {
				ALWAYS_SEARCH_USER_PATHS = NO;
				ARCHS = "$(ARCHS_STANDARD_32_BIT)";
				CLANG_CXX_LANGUAGE_STANDARD = "gnu++0x";
				CLANG_WARN__DUPLICATE_METHOD_MATCH = YES;
				"CODE_SIGN_IDENTITY[sdk=iphoneos*]" = "iPhone Developer";
				COPY_PHASE_STRIP = NO;
				GCC_C_LANGUAGE_STANDARD = gnu99;
				GCC_DYNAMIC_NO_PIC = NO;
				GCC_OPTIMIZATION_LEVEL = 0;
				GCC_PREPROCESSOR_DEFINITIONS = (
					"DEBUG=1",
					"$(inherited)",
				);
				GCC_SYMBOLS_PRIVATE_EXTERN = NO;
				GCC_VERSION = com.apple.compilers.llvm.clang.1_0;
				GCC_WARN_ABOUT_RETURN_TYPE = YES;
				GCC_WARN_UNINITIALIZED_AUTOS = YES;
				GCC_WARN_UNUSED_VARIABLE = YES;
				IPHONEOS_DEPLOYMENT_TARGET = 5.1;
				SDKROOT = iphoneos;
			};
			name = Debug;
		};
		F2826B4B15F17BDA004D26D6 /* Release */ = {
			isa = XCBuildConfiguration;
			buildSettings = {
				ALWAYS_SEARCH_USER_PATHS = NO;
				ARCHS = "$(ARCHS_STANDARD_32_BIT)";
				CLANG_CXX_LANGUAGE_STANDARD = "gnu++0x";
				CLANG_WARN__DUPLICATE_METHOD_MATCH = YES;
				"CODE_SIGN_IDENTITY[sdk=iphoneos*]" = "iPhone Developer";
				COPY_PHASE_STRIP = YES;
				GCC_C_LANGUAGE_STANDARD = gnu99;
				GCC_VERSION = com.apple.compilers.llvm.clang.1_0;
				GCC_WARN_ABOUT_RETURN_TYPE = YES;
				GCC_WARN_UNINITIALIZED_AUTOS = YES;
				GCC_WARN_UNUSED_VARIABLE = YES;
				IPHONEOS_DEPLOYMENT_TARGET = 5.1;
				OTHER_CFLAGS = "-DNS_BLOCK_ASSERTIONS=1";
				SDKROOT = iphoneos;
				VALIDATE_PRODUCT = YES;
			};
			name = Release;
		};
		F2826B4D15F17BDA004D26D6 /* Debug */ = {
			isa = XCBuildConfiguration;
			buildSettings = {
				GCC_PRECOMPILE_PREFIX_HEADER = YES;
				GCC_PREFIX_HEADER = "DrawTest1/DrawTest1-Prefix.pch";
				INFOPLIST_FILE = "DrawTest1/DrawTest1-Info.plist";
				PRODUCT_NAME = "$(TARGET_NAME)";
				WRAPPER_EXTENSION = app;
			};
			name = Debug;
		};
		F2826B4E15F17BDA004D26D6 /* Release */ = {
			isa = XCBuildConfiguration;
			buildSettings = {
				GCC_PRECOMPILE_PREFIX_HEADER = YES;
				GCC_PREFIX_HEADER = "DrawTest1/DrawTest1-Prefix.pch";
				INFOPLIST_FILE = "DrawTest1/DrawTest1-Info.plist";
				PRODUCT_NAME = "$(TARGET_NAME)";
				WRAPPER_EXTENSION = app;
			};
			name = Release;
		};
/* End XCBuildConfiguration section */

/* Begin XCConfigurationList section */
		F2826B2815F17BDA004D26D6 /* Build configuration list for PBXProject "DrawTest1" */ = {
			isa = XCConfigurationList;
			buildConfigurations = (
				F2826B4A15F17BDA004D26D6 /* Debug */,
				F2826B4B15F17BDA004D26D6 /* Release */,
			);
			defaultConfigurationIsVisible = 0;
			defaultConfigurationName = Release;
		};
		F2826B4C15F17BDA004D26D6 /* Build configuration list for PBXNativeTarget "DrawTest1" */ = {
			isa = XCConfigurationList;
			buildConfigurations = (
				F2826B4D15F17BDA004D26D6 /* Debug */,
				F2826B4E15F17BDA004D26D6 /* Release */,
			);
			defaultConfigurationIsVisible = 0;
		};
/* End XCConfigurationList section */
	};
	rootObject = F2826B2515F17BDA004D26D6 /* Project object */;
}
